
Microsoft Visual Studio Solution File, Format Version 12.00
# Visual Studio Version 17
VisualStudioVersion = 17.9.34723.18
MinimumVisualStudioVersion = 10.0.40219.1
Project("{FAE04EC0-301F-11D3-BF4B-00C04F79EFBC}") = "ConsoleApp1", "ConsoleApp1\ConsoleApp1.csproj", "{78B97A58-9F8A-481D-BC37-DD2FE35FC60C}"
EndProject
Global
	GlobalSection(SolutionConfigurationPlatforms) = preSolution
		Debug|Any CPU = Debug|Any CPU
		Release|Any CPU = Release|Any CPU
	EndGlobalSection
	GlobalSection(ProjectConfigurationPlatforms) = postSolution
		{78B97A58-9F8A-481D-BC37-DD2FE35FC60C}.Debug|Any CPU.ActiveCfg = Debug|Any CPU
		{78B97A58-9F8A-481D-BC37-DD2FE35FC60C}.Debug|Any CPU.Build.0 = Debug|Any CPU
		{78B97A58-9F8A-481D-BC37-DD2FE35FC60C}.Release|Any CPU.ActiveCfg = Release|Any CPU
		{78B97A58-9F8A-481D-BC37-DD2FE35FC60C}.Release|Any CPU.Build.0 = Release|Any CPU
	EndGlobalSection
	GlobalSection(SolutionProperties) = preSolution
		HideSolutionNode = FALSE
	EndGlobalSection
	GlobalSection(ExtensibilityGlobals) = postSolution
		SolutionGuid = {6CFBB2B0-FAED-4907-B3BD-B1DCC3981BC8}
	EndGlobalSection
EndGlobal
